
Microsoft Visual Studio Solution File, Format Version 12.00
# Visual Studio Version 17
VisualStudioVersion = 17.14.36511.14 d17.14
MinimumVisualStudioVersion = 10.0.40219.1
Project("{FAE04EC0-301F-11D3-BF4B-00C04F79EFBC}") = "Dagboken", "Dagboken\Dagboken.csproj", "{288DF6FC-9086-4A41-8E37-C5AC97676B3E}"
EndProject
Global
	GlobalSection(SolutionConfigurationPlatforms) = preSolution
		Debug|Any CPU = Debug|Any CPU
		Release|Any CPU = Release|Any CPU
	EndGlobalSection
	GlobalSection(ProjectConfigurationPlatforms) = postSolution
		{288DF6FC-9086-4A41-8E37-C5AC97676B3E}.Debug|Any CPU.ActiveCfg = Debug|Any CPU
		{288DF6FC-9086-4A41-8E37-C5AC97676B3E}.Debug|Any CPU.Build.0 = Debug|Any CPU
		{288DF6FC-9086-4A41-8E37-C5AC97676B3E}.Release|Any CPU.ActiveCfg = Release|Any CPU
		{288DF6FC-9086-4A41-8E37-C5AC97676B3E}.Release|Any CPU.Build.0 = Release|Any CPU
	EndGlobalSection
	GlobalSection(SolutionProperties) = preSolution
		HideSolutionNode = FALSE
	EndGlobalSection
	GlobalSection(ExtensibilityGlobals) = postSolution
		SolutionGuid = {04F9DF12-790B-4130-B026-F5043F06BF36}
	EndGlobalSection
EndGlobal
